{
  "name": "gemini-openai-proxy",
  "version": "1.0.0",
  "lockfileVersion": 3,
  "requires": true,
  "packages": {
    "": {
      "name": "gemini-openai-proxy",
      "version": "1.0.0",
      "license": "ISC",
      "dependencies": {
        "gpt-tokenizer": "^2.1.2",
        "zod": "^3.22.4"
      },
      "bin": {
        "gemini-openai": "cli.js"
      }
    },
    "node_modules/gpt-tokenizer": {
      "version": "2.9.0",
      "resolved": "https://registry.npmmirror.com/gpt-tokenizer/-/gpt-tokenizer-2.9.0.tgz",
      "integrity": "sha512-YSpexBL/k4bfliAzMrRqn3M6+it02LutVyhVpDeMKrC/O9+pCe/5s8U2hYKa2vFLD5/vHhsKc8sOn/qGqII8Kg==",
      "license": "MIT"
    },
    "node_modules/zod": {
      "version": "3.25.76",
      "resolved": "https://registry.npmmirror.com/zod/-/zod-3.25.76.tgz",
      "integrity": "sha512-gzUt/qt81nXsFGKIFcC3YnfEAx5NkunCfnDlvuBSSFS02bcXu4Lmea0AFIUwbLWxWPx3d9p8S5QoaujKcNQxcQ==",
      "license": "MIT",
      "funding": {
        "url": "https://github.com/sponsors/colinhacks"
      }
    }
  }
}
